
Microsoft Visual Studio Solution File, Format Version 12.00
# Visual Studio Version 16
VisualStudioVersion = 16.0.29009.5
MinimumVisualStudioVersion = 10.0.40219.1
Project("{FAE04EC0-301F-11D3-BF4B-00C04F79EFBC}") = "SignalRDemo", "SignalRDemo\SignalRDemo.csproj", "{E2B390E4-1B20-4688-AFAA-1D2E31B4E5DF}"
EndProject
Global
	GlobalSection(SolutionConfigurationPlatforms) = preSolution
		Debug|Any CPU = Debug|Any CPU
		Release|Any CPU = Release|Any CPU
	EndGlobalSection
	GlobalSection(ProjectConfigurationPlatforms) = postSolution
		{E2B390E4-1B20-4688-AFAA-1D2E31B4E5DF}.Debug|Any CPU.ActiveCfg = Debug|Any CPU
		{E2B390E4-1B20-4688-AFAA-1D2E31B4E5DF}.Debug|Any CPU.Build.0 = Debug|Any CPU
		{E2B390E4-1B20-4688-AFAA-1D2E31B4E5DF}.Release|Any CPU.ActiveCfg = Release|Any CPU
		{E2B390E4-1B20-4688-AFAA-1D2E31B4E5DF}.Release|Any CPU.Build.0 = Release|Any CPU
	EndGlobalSection
	GlobalSection(SolutionProperties) = preSolution
		HideSolutionNode = FALSE
	EndGlobalSection
	GlobalSection(ExtensibilityGlobals) = postSolution
		SolutionGuid = {F3FB7F9A-DF93-462D-8E3C-51FA769071CC}
	EndGlobalSection
EndGlobal
